
Microsoft Visual Studio Solution File, Format Version 12.00
# Visual Studio Version 17
VisualStudioVersion = 17.14.37314.3
MinimumVisualStudioVersion = 10.0.40219.1
Project("{FAE04EC0-301F-11D3-BF4B-00C04F79EFBC}") = "DomainAnalyze.DependencyTree", "DomainAnalyze.DependencyTree\DomainAnalyze.DependencyTree.csproj", "{1F3618CD-D04C-4416-9037-9876E49617F0}"
EndProject
Project("{FAE04EC0-301F-11D3-BF4B-00C04F79EFBC}") = "Test", "Test\Test.csproj", "{C2D63BE1-5DFD-42C8-A7DF-EB86E9658CD8}"
EndProject
Global
	GlobalSection(SolutionConfigurationPlatforms) = preSolution
		Debug|Any CPU = Debug|Any CPU
		Release|Any CPU = Release|Any CPU
	EndGlobalSection
	GlobalSection(ProjectConfigurationPlatforms) = postSolution
		{1F3618CD-D04C-4416-9037-9876E49617F0}.Debug|Any CPU.ActiveCfg = Debug|Any CPU
		{1F3618CD-D04C-4416-9037-9876E49617F0}.Debug|Any CPU.Build.0 = Debug|Any CPU
		{1F3618CD-D04C-4416-9037-9876E49617F0}.Release|Any CPU.ActiveCfg = Release|Any CPU
		{1F3618CD-D04C-4416-9037-9876E49617F0}.Release|Any CPU.Build.0 = Release|Any CPU
		{C2D63BE1-5DFD-42C8-A7DF-EB86E9658CD8}.Debug|Any CPU.ActiveCfg = Debug|Any CPU
		{C2D63BE1-5DFD-42C8-A7DF-EB86E9658CD8}.Debug|Any CPU.Build.0 = Debug|Any CPU
		{C2D63BE1-5DFD-42C8-A7DF-EB86E9658CD8}.Release|Any CPU.ActiveCfg = Release|Any CPU
		{C2D63BE1-5DFD-42C8-A7DF-EB86E9658CD8}.Release|Any CPU.Build.0 = Release|Any CPU
	EndGlobalSection
	GlobalSection(SolutionProperties) = preSolution
		HideSolutionNode = FALSE
	EndGlobalSection
	GlobalSection(ExtensibilityGlobals) = postSolution
		SolutionGuid = {EE49FFBB-E759-4407-9DDF-87E9AAEC1161}
	EndGlobalSection
EndGlobal
